{
  "pins" : [
    {
      "identity" : "ios-sdk",
      "kind" : "remoteSourceControl",
      "location" : "https://github.com/kakaoi-clive/ios-sdk.git",
      "state" : {
        "revision" : "111b4151f30e8e93c9150cf15c71a633bc0668d8",
        "version" : "2.2.0"
      }
    },
    {
      "identity" : "ios-webrtc-sdk",
      "kind" : "remoteSourceControl",
      "location" : "https://github.com/kakaoi-clive/ios-webrtc-sdk.git",
      "state" : {
        "revision" : "e25d9293426d61b1e50bbef23c8a99f63fa505f4",
        "version" : "1.103.1"
      }
    }
  ],
  "version" : 2
}
